
Microsoft Visual Studio Solution File, Format Version 12.00
# Visual Studio Version 16
VisualStudioVersion = 16.0.31515.178
MinimumVisualStudioVersion = 10.0.40219.1
Project("{FAE04EC0-301F-11D3-BF4B-00C04F79EFBC}") = "backend-aspx", "backend-aspx.csproj", "{9FC44AD5-191D-44BC-80D8-8FBC00833746}"
EndProject
Global
	GlobalSection(SolutionConfigurationPlatforms) = preSolution
		Debug|Any CPU = Debug|Any CPU
		Release|Any CPU = Release|Any CPU
	EndGlobalSection
	GlobalSection(ProjectConfigurationPlatforms) = postSolution
		{9FC44AD5-191D-44BC-80D8-8FBC00833746}.Debug|Any CPU.ActiveCfg = Debug|Any CPU
		{9FC44AD5-191D-44BC-80D8-8FBC00833746}.Debug|Any CPU.Build.0 = Debug|Any CPU
		{9FC44AD5-191D-44BC-80D8-8FBC00833746}.Release|Any CPU.ActiveCfg = Release|Any CPU
		{9FC44AD5-191D-44BC-80D8-8FBC00833746}.Release|Any CPU.Build.0 = Release|Any CPU
	EndGlobalSection
	GlobalSection(SolutionProperties) = preSolution
		HideSolutionNode = FALSE
	EndGlobalSection
	GlobalSection(ExtensibilityGlobals) = postSolution
		SolutionGuid = {B4255ADC-3499-401F-88E1-6C141B1EF67B}
	EndGlobalSection
EndGlobal
